
Microsoft Visual Studio Solution File, Format Version 12.00
# Visual Studio Version 16
VisualStudioVersion = 16.0.31229.75
MinimumVisualStudioVersion = 10.0.40219.1
Project("{FAE04EC0-301F-11D3-BF4B-00C04F79EFBC}") = "MinerMonitor", "MinerMonitor\MinerMonitor.csproj", "{5FE22AB7-95BF-4514-B1B8-0D23D0FD773A}"
EndProject
Project("{2150E333-8FDC-42A3-9474-1A3956D46DE8}") = "Solution Items", "Solution Items", "{179BEDE6-EAD6-4FBE-BBCB-10AD8F7847C8}"
	ProjectSection(SolutionItems) = preProject
		README.md = README.md
	EndProjectSection
EndProject
Project("{2150E333-8FDC-42A3-9474-1A3956D46DE8}") = "Release", "Release", "{7D83A19F-50D0-4118-9495-25C6961912A6}"
	ProjectSection(SolutionItems) = preProject
		Release\MinerMonitor.exe = Release\MinerMonitor.exe
		Release\MinerMonitor.exe.config = Release\MinerMonitor.exe.config
		Release\MinerMonitor.pdb = Release\MinerMonitor.pdb
		Release\OpenHardwareMonitorLib.dll = Release\OpenHardwareMonitorLib.dll
	EndProjectSection
EndProject
Global
	GlobalSection(SolutionConfigurationPlatforms) = preSolution
		Debug|Any CPU = Debug|Any CPU
		Release|Any CPU = Release|Any CPU
	EndGlobalSection
	GlobalSection(ProjectConfigurationPlatforms) = postSolution
		{5FE22AB7-95BF-4514-B1B8-0D23D0FD773A}.Debug|Any CPU.ActiveCfg = Debug|Any CPU
		{5FE22AB7-95BF-4514-B1B8-0D23D0FD773A}.Debug|Any CPU.Build.0 = Debug|Any CPU
		{5FE22AB7-95BF-4514-B1B8-0D23D0FD773A}.Release|Any CPU.ActiveCfg = Release|Any CPU
		{5FE22AB7-95BF-4514-B1B8-0D23D0FD773A}.Release|Any CPU.Build.0 = Release|Any CPU
	EndGlobalSection
	GlobalSection(SolutionProperties) = preSolution
		HideSolutionNode = FALSE
	EndGlobalSection
	GlobalSection(ExtensibilityGlobals) = postSolution
		SolutionGuid = {CE126C7D-B909-4BE9-8A2A-918FE49DBFA6}
	EndGlobalSection
EndGlobal
